Microsoft Visual Studio Solution File, Format Version 12.00
# Visual Studio Version 17
VisualStudioVersion = 17.13.35919.96
MinimumVisualStudioVersion = 10.0.40219.1
Project("{FAE04EC0-301F-11D3-BF4B-00C04F79EFBC}") = "MauiAppTempoAgora", "MauiAppTempoAgora\MauiAppTempoAgora.csproj", "{BF95244B-7A1F-415D-9340-8639CEC08986}"
EndProject
Global
	GlobalSection(SolutionConfigurationPlatforms) = preSolution
		Debug|Any CPU = Debug|Any CPU
		Release|Any CPU = Release|Any CPU
	EndGlobalSection
	GlobalSection(ProjectConfigurationPlatforms) = postSolution
		{BF95244B-7A1F-415D-9340-8639CEC08986}.Debug|Any CPU.ActiveCfg = Debug|Any CPU
		{BF95244B-7A1F-415D-9340-8639CEC08986}.Debug|Any CPU.Build.0 = Debug|Any CPU
		{BF95244B-7A1F-415D-9340-8639CEC08986}.Debug|Any CPU.Deploy.0 = Debug|Any CPU
		{BF95244B-7A1F-415D-9340-8639CEC08986}.Release|Any CPU.ActiveCfg = Release|Any CPU
		{BF95244B-7A1F-415D-9340-8639CEC08986}.Release|Any CPU.Build.0 = Release|Any CPU
		{BF95244B-7A1F-415D-9340-8639CEC08986}.Release|Any CPU.Deploy.0 = Release|Any CPU
	EndGlobalSection
	GlobalSection(SolutionProperties) = preSolution
		HideSolutionNode = FALSE
	EndGlobalSection
	GlobalSection(ExtensibilityGlobals) = postSolution
		SolutionGuid = {48D3E2C2-E1F1-4F1E-85A8-EF38185B8D86}
	EndGlobalSection
EndGlobal
